Microsoft Visual Studio Solution File, Format Version 12.00
# Visual Studio Version 17
VisualStudioVersion = 17.5.2.0
MinimumVisualStudioVersion = 10.0.40219.1
Project("{FAE04EC0-301F-11D3-BF4B-00C04F79EFBC}") = "AgenticJDGenerator", "AgenticJDGenerator.csproj", "{3291DC3A-7C2A-4E11-18E4-87D23E9E9F90}"
EndProject
Global
	GlobalSection(SolutionConfigurationPlatforms) = preSolution
		Debug|Any CPU = Debug|Any CPU
		Release|Any CPU = Release|Any CPU
	EndGlobalSection
	GlobalSection(ProjectConfigurationPlatforms) = postSolution
		{3291DC3A-7C2A-4E11-18E4-87D23E9E9F90}.Debug|Any CPU.ActiveCfg = Debug|Any CPU
		{3291DC3A-7C2A-4E11-18E4-87D23E9E9F90}.Debug|Any CPU.Build.0 = Debug|Any CPU
		{3291DC3A-7C2A-4E11-18E4-87D23E9E9F90}.Release|Any CPU.ActiveCfg = Release|Any CPU
		{3291DC3A-7C2A-4E11-18E4-87D23E9E9F90}.Release|Any CPU.Build.0 = Release|Any CPU
	EndGlobalSection
	GlobalSection(SolutionProperties) = preSolution
		HideSolutionNode = FALSE
	EndGlobalSection
	GlobalSection(ExtensibilityGlobals) = postSolution
		SolutionGuid = {66ED1E57-F917-439C-80F2-54AD3E13E556}
	EndGlobalSection
EndGlobal
